
Microsoft Visual Studio Solution File, Format Version 12.00
# Visual Studio Version 17
VisualStudioVersion = 17.0.31919.166
MinimumVisualStudioVersion = 10.0.40219.1
Project("{FAE04EC0-301F-11D3-BF4B-00C04F79EFBC}") = "ChessMasterServer", "ChessMasterServer.csproj", "{B0E0FE34-D6EA-46A4-B73A-E988E62130C2}"
EndProject
Global
	GlobalSection(SolutionConfigurationPlatforms) = preSolution
		Debug|Any CPU = Debug|Any CPU
		Release|Any CPU = Release|Any CPU
	EndGlobalSection
	GlobalSection(ProjectConfigurationPlatforms) = postSolution
		{B0E0FE34-D6EA-46A4-B73A-E988E62130C2}.Debug|Any CPU.ActiveCfg = Debug|Any CPU
		{B0E0FE34-D6EA-46A4-B73A-E988E62130C2}.Debug|Any CPU.Build.0 = Debug|Any CPU
		{B0E0FE34-D6EA-46A4-B73A-E988E62130C2}.Release|Any CPU.ActiveCfg = Release|Any CPU
		{B0E0FE34-D6EA-46A4-B73A-E988E62130C2}.Release|Any CPU.Build.0 = Release|Any CPU
	EndGlobalSection
	GlobalSection(SolutionProperties) = preSolution
		HideSolutionNode = FALSE
	EndGlobalSection
	GlobalSection(ExtensibilityGlobals) = postSolution
		SolutionGuid = {907EEF6B-A8C9-40C2-A717-61FDDCAC433A}
	EndGlobalSection
EndGlobal
