
Microsoft Visual Studio Solution File, Format Version 12.00
# Visual Studio Version 17
VisualStudioVersion = 17.0.31919.166
MinimumVisualStudioVersion = 10.0.40219.1
Project("{FAE04EC0-301F-11D3-BF4B-00C04F79EFBC}") = "chess26.3", "chess26.3.csproj", "{374B1271-731F-402B-BFA3-B486F354F9C7}"
EndProject
Global
	GlobalSection(SolutionConfigurationPlatforms) = preSolution
		Debug|Any CPU = Debug|Any CPU
		Release|Any CPU = Release|Any CPU
	EndGlobalSection
	GlobalSection(ProjectConfigurationPlatforms) = postSolution
		{374B1271-731F-402B-BFA3-B486F354F9C7}.Debug|Any CPU.ActiveCfg = Debug|Any CPU
		{374B1271-731F-402B-BFA3-B486F354F9C7}.Debug|Any CPU.Build.0 = Debug|Any CPU
		{374B1271-731F-402B-BFA3-B486F354F9C7}.Release|Any CPU.ActiveCfg = Release|Any CPU
		{374B1271-731F-402B-BFA3-B486F354F9C7}.Release|Any CPU.Build.0 = Release|Any CPU
	EndGlobalSection
	GlobalSection(SolutionProperties) = preSolution
		HideSolutionNode = FALSE
	EndGlobalSection
	GlobalSection(ExtensibilityGlobals) = postSolution
		SolutionGuid = {F038AF3C-291A-46AB-AAAC-A220BF2AF9C5}
	EndGlobalSection
EndGlobal
